// !$*UTF8*$!
{
	archiveVersion = 1;
	classes = {
	};
	objectVersion = 56;
	objects = {

/* Begin PBXBuildFile section */
		91A787222AF0FE91009D6692 /* MapApp_SwiftUIApp.swift in Sources */ = {isa = PBXBuildFile; fileRef = 91A787212AF0FE91009D6692 /* MapApp_SwiftUIApp.swift */; };
		91A787242AF0FE91009D6692 /* ContentView.swift in Sources */ = {isa = PBXBuildFile; fileRef = 91A787232AF0FE91009D6692 /* ContentView.swift */; };
		91A787262AF0FE94009D6692 /* Assets.xcassets in Resources */ = {isa = PBXBuildFile; fileRef = 91A787252AF0FE94009D6692 /* Assets.xcassets */; };
		91A787292AF0FE94009D6692 /* Preview Assets.xcassets in Resources */ = {isa = PBXBuildFile; fileRef = 91A787282AF0FE94009D6692 /* Preview Assets.xcassets */; };
		91A787302AF10E25009D6692 /* LocationsDataService.swift in Sources */ = {isa = PBXBuildFile; fileRef = 91A7872F2AF10E25009D6692 /* LocationsDataService.swift */; };
		91A787352AF10ECF009D6692 /* Location.swift in Sources */ = {isa = PBXBuildFile; fileRef = 91A787342AF10ECF009D6692 /* Location.swift */; };
		91A787382AF11113009D6692 /* LocationView.swift in Sources */ = {isa = PBXBuildFile; fileRef = 91A787372AF11113009D6692 /* LocationView.swift */; };
		91A7873A2AF11342009D6692 /* LocationsViewModel.swift in Sources */ = {isa = PBXBuildFile; fileRef = 91A787392AF11342009D6692 /* LocationsViewModel.swift */; };
		91A7873C2AF11879009D6692 /* LocationsListView.swift in Sources */ = {isa = PBXBuildFile; fileRef = 91A7873B2AF11879009D6692 /* LocationsListView.swift */; };
		91A7873E2AF12371009D6692 /* LocationPreviewView.swift in Sources */ = {isa = PBXBuildFile; fileRef = 91A7873D2AF12371009D6692 /* LocationPreviewView.swift */; };
/* End PBXBuildFile section */

/* Begin PBXFileReference section */
		91A7871E2AF0FE91009D6692 /* MapApp-SwiftUI.app */ = {isa = PBXFileReference; explicitFileType = wrapper.application; includeInIndex = 0; path = "MapApp-SwiftUI.app"; sourceTree = BUILT_PRODUCTS_DIR; };
		91A787212AF0FE91009D6692 /* MapApp_SwiftUIApp.swift */ = {isa = PBXFileReference; lastKnownFileType = sourcecode.swift; path = MapApp_SwiftUIApp.swift; sourceTree = "<group>"; };
		91A787232AF0FE91009D6692 /* ContentView.swift */ = {isa = PBXFileReference; lastKnownFileType = sourcecode.swift; path = ContentView.swift; sourceTree = "<group>"; };
		91A787252AF0FE94009D6692 /* Assets.xcassets */ = {isa = PBXFileReference; lastKnownFileType = folder.assetcatalog; path = Assets.xcassets; sourceTree = "<group>"; };
		91A787282AF0FE94009D6692 /* Preview Assets.xcassets */ = {isa = PBXFileReference; lastKnownFileType = folder.assetcatalog; path = "Preview Assets.xcassets"; sourceTree = "<group>"; };
		91A7872F2AF10E25009D6692 /* LocationsDataService.swift */ = {isa = PBXFileReference; fileEncoding = 4; lastKnownFileType = sourcecode.swift; path = LocationsDataService.swift; sourceTree = "<group>"; };
		91A787342AF10ECF009D6692 /* Location.swift */ = {isa = PBXFileReference; lastKnownFileType = sourcecode.swift; path = Location.swift; sourceTree = "<group>"; };
		91A787372AF11113009D6692 /* LocationView.swift */ = {isa = PBXFileReference; lastKnownFileType = sourcecode.swift; path = LocationView.swift; sourceTree = "<group>"; };
		91A787392AF11342009D6692 /* LocationsViewModel.swift */ = {isa = PBXFileReference; lastKnownFileType = sourcecode.swift; path = LocationsViewModel.swift; sourceTree = "<group>"; };
		91A7873B2AF11879009D6692 /* LocationsListView.swift */ = {isa = PBXFileReference; lastKnownFileType = sourcecode.swift; path = LocationsListView.swift; sourceTree = "<group>"; };
		91A7873D2AF12371009D6692 /* LocationPreviewView.swift */ = {isa = PBXFileReference; lastKnownFileType = sourcecode.swift; path = LocationPreviewView.swift; sourceTree = "<group>"; };
/* End PBXFileReference section */

/* Begin PBXFrameworksBuildPhase section */
		91A7871B2AF0FE91009D6692 /* Frameworks */ = {
			isa = PBXFrameworksBuildPhase;
			buildActionMask = 2147483647;
			files = (
			);
			runOnlyForDeploymentPostprocessing = 0;
		};
/* End PBXFrameworksBuildPhase section */

/* Begin PBXGroup section */
		91A787152AF0FE91009D6692 = {
			isa = PBXGroup;
			children = (
				91A787202AF0FE91009D6692 /* MapApp-SwiftUI */,
				91A7871F2AF0FE91009D6692 /* Products */,
			);
			sourceTree = "<group>";
		};
		91A7871F2AF0FE91009D6692 /* Products */ = {
			isa = PBXGroup;
			children = (
				91A7871E2AF0FE91009D6692 /* MapApp-SwiftUI.app */,
			);
			name = Products;
			sourceTree = "<group>";
		};
		91A787202AF0FE91009D6692 /* MapApp-SwiftUI */ = {
			isa = PBXGroup;
			children = (
				91A787362AF10F70009D6692 /* DataServices */,
				91A787312AF10E9D009D6692 /* Models */,
				91A787332AF10EA8009D6692 /* ViewModels */,
				91A787322AF10EA3009D6692 /* Views */,
				91A787212AF0FE91009D6692 /* MapApp_SwiftUIApp.swift */,
				91A787232AF0FE91009D6692 /* ContentView.swift */,
				91A787252AF0FE94009D6692 /* Assets.xcassets */,
				91A787272AF0FE94009D6692 /* Preview Content */,
			);
			path = "MapApp-SwiftUI";
			sourceTree = "<group>";
		};
		91A787272AF0FE94009D6692 /* Preview Content */ = {
			isa = PBXGroup;
			children = (
				91A787282AF0FE94009D6692 /* Preview Assets.xcassets */,
			);
			path = "Preview Content";
			sourceTree = "<group>";
		};
		91A787312AF10E9D009D6692 /* Models */ = {
			isa = PBXGroup;
			children = (
				91A787342AF10ECF009D6692 /* Location.swift */,
			);
			path = Models;
			sourceTree = "<group>";
		};
		91A787322AF10EA3009D6692 /* Views */ = {
			isa = PBXGroup;
			children = (
				91A787372AF11113009D6692 /* LocationView.swift */,
				91A7873B2AF11879009D6692 /* LocationsListView.swift */,
				91A7873D2AF12371009D6692 /* LocationPreviewView.swift */,
			);
			path = Views;
			sourceTree = "<group>";
		};
		91A787332AF10EA8009D6692 /* ViewModels */ = {
			isa = PBXGroup;
			children = (
				91A787392AF11342009D6692 /* LocationsViewModel.swift */,
			);
			path = ViewModels;
			sourceTree = "<group>";
		};
		91A787362AF10F70009D6692 /* DataServices */ = {
			isa = PBXGroup;
			children = (
				91A7872F2AF10E25009D6692 /* LocationsDataService.swift */,
			);
			path = DataServices;
			sourceTree = "<group>";
		};
/* End PBXGroup section */

/* Begin PBXNativeTarget section */
		91A7871D2AF0FE91009D6692 /* MapApp-SwiftUI */ = {
			isa = PBXNativeTarget;
			buildConfigurationList = 91A7872C2AF0FE94009D6692 /* Build configuration list for PBXNativeTarget "MapApp-SwiftUI" */;
			buildPhases = (
				91A7871A2AF0FE91009D6692 /* Sources */,
				91A7871B2AF0FE91009D6692 /* Frameworks */,
				91A7871C2AF0FE91009D6692 /* Resources */,
			);
			buildRules = (
			);
			dependencies = (
			);
			name = "MapApp-SwiftUI";
			productName = "MapApp-SwiftUI";
			productReference = 91A7871E2AF0FE91009D6692 /* MapApp-SwiftUI.app */;
			productType = "com.apple.product-type.application";
		};
/* End PBXNativeTarget section */

/* Begin PBXProject section */
		91A787162AF0FE91009D6692 /* Project object */ = {
			isa = PBXProject;
			attributes = {
				BuildIndependentTargetsInParallel = 1;
				LastSwiftUpdateCheck = 1430;
				LastUpgradeCheck = 1430;
				TargetAttributes = {
					91A7871D2AF0FE91009D6692 = {
						CreatedOnToolsVersion = 14.3;
					};
				};
			};
			buildConfigurationList = 91A787192AF0FE91009D6692 /* Build configuration list for PBXProject "MapApp-SwiftUI" */;
			compatibilityVersion = "Xcode 14.0";
			developmentRegion = en;
			hasScannedForEncodings = 0;
			knownRegions = (
				en,
				Base,
			);
			mainGroup = 91A787152AF0FE91009D6692;
			productRefGroup = 91A7871F2AF0FE91009D6692 /* Products */;
			projectDirPath = "";
			projectRoot = "";
			targets = (
				91A7871D2AF0FE91009D6692 /* MapApp-SwiftUI */,
			);
		};
/* End PBXProject section */

/* Begin PBXResourcesBuildPhase section */
		91A7871C2AF0FE91009D6692 /* Resources */ = {
			isa = PBXResourcesBuildPhase;
			buildActionMask = 2147483647;
			files = (
				91A787292AF0FE94009D6692 /* Preview Assets.xcassets in Resources */,
				91A787262AF0FE94009D6692 /* Assets.xcassets in Resources */,
			);
			runOnlyForDeploymentPostprocessing = 0;
		};
/* End PBXResourcesBuildPhase section */

/* Begin PBXSourcesBuildPhase section */
		91A7871A2AF0FE91009D6692 /* Sources */ = {
			isa = PBXSourcesBuildPhase;
			buildActionMask = 2147483647;
			files = (
				91A787242AF0FE91009D6692 /* ContentView.swift in Sources */,
				91A7873C2AF11879009D6692 /* LocationsListView.swift in Sources */,
				91A7873E2AF12371009D6692 /* LocationPreviewView.swift in Sources */,
				91A7873A2AF11342009D6692 /* LocationsViewModel.swift in Sources */,
				91A787222AF0FE91009D6692 /* MapApp_SwiftUIApp.swift in Sources */,
				91A787382AF11113009D6692 /* LocationView.swift in Sources */,
				91A787352AF10ECF009D6692 /* Location.swift in Sources */,
				91A787302AF10E25009D6692 /* LocationsDataService.swift in Sources */,
			);
			runOnlyForDeploymentPostprocessing = 0;
		};
/* End PBXSourcesBuildPhase section */

/* Begin XCBuildConfiguration section */
		91A7872A2AF0FE94009D6692 /* Debug */ = {
			isa = XCBuildConfiguration;
			buildSettings = {
				ALWAYS_SEARCH_USER_PATHS = NO;
				CLANG_ANALYZER_NONNULL = YES;
				CLANG_ANALYZER_NUMBER_OBJECT_CONVERSION = YES_AGGRESSIVE;
				CLANG_CXX_LANGUAGE_STANDARD = "gnu++20";
				CLANG_ENABLE_MODULES = YES;
				CLANG_ENABLE_OBJC_ARC = YES;
				CLANG_ENABLE_OBJC_WEAK = YES;
				CLANG_WARN_BLOCK_CAPTURE_AUTORELEASING = YES;
				CLANG_WARN_BOOL_CONVERSION = YES;
				CLANG_WARN_COMMA = YES;
				CLANG_WARN_CONSTANT_CONVERSION = YES;
				CLANG_WARN_DEPRECATED_OBJC_IMPLEMENTATIONS = YES;
				CLANG_WARN_DIRECT_OBJC_ISA_USAGE = YES_ERROR;
				CLANG_WARN_DOCUMENTATION_COMMENTS = YES;
				CLANG_WARN_EMPTY_BODY = YES;
				CLANG_WARN_ENUM_CONVERSION = YES;
				CLANG_WARN_INFINITE_RECURSION = YES;
				CLANG_WARN_INT_CONVERSION = YES;
				CLANG_WARN_NON_LITERAL_NULL_CONVERSION = YES;
				CLANG_WARN_OBJC_IMPLICIT_RETAIN_SELF = YES;
				CLANG_WARN_OBJC_LITERAL_CONVERSION = YES;
				CLANG_WARN_OBJC_ROOT_CLASS = YES_ERROR;
				CLANG_WARN_QUOTED_INCLUDE_IN_FRAMEWORK_HEADER = YES;
				CLANG_WARN_RANGE_LOOP_ANALYSIS = YES;
				CLANG_WARN_STRICT_PROTOTYPES = YES;
				CLANG_WARN_SUSPICIOUS_MOVE = YES;
				CLANG_WARN_UNGUARDED_AVAILABILITY = YES_AGGRESSIVE;
				CLANG_WARN_UNREACHABLE_CODE = YES;
				CLANG_WARN__DUPLICATE_METHOD_MATCH = YES;
				COPY_PHASE_STRIP = NO;
				DEBUG_INFORMATION_FORMAT = dwarf;
				ENABLE_STRICT_OBJC_MSGSEND = YES;
				ENABLE_TESTABILITY = YES;
				GCC_C_LANGUAGE_STANDARD = gnu11;
				GCC_DYNAMIC_NO_PIC = NO;
				GCC_NO_COMMON_BLOCKS = YES;
				GCC_OPTIMIZATION_LEVEL = 0;
				GCC_PREPROCESSOR_DEFINITIONS = (
					"DEBUG=1",
					"$(inherited)",
				);
				GCC_WARN_64_TO_32_BIT_CONVERSION = YES;
				GCC_WARN_ABOUT_RETURN_TYPE = YES_ERROR;
				GCC_WARN_UNDECLARED_SELECTOR = YES;
				GCC_WARN_UNINITIALIZED_AUTOS = YES_AGGRESSIVE;
				GCC_WARN_UNUSED_FUNCTION = YES;
				GCC_WARN_UNUSED_VARIABLE = YES;
				IPHONEOS_DEPLOYMENT_TARGET = 16.4;
				MTL_ENABLE_DEBUG_INFO = INCLUDE_SOURCE;
				MTL_FAST_MATH = YES;
				ONLY_ACTIVE_ARCH = YES;
				SDKROOT = iphoneos;
				SWIFT_ACTIVE_COMPILATION_CONDITIONS = DEBUG;
				SWIFT_OPTIMIZATION_LEVEL = "-Onone";
			};
			name = Debug;
		};
		91A7872B2AF0FE94009D6692 /* Release */ = {
			isa = XCBuildConfiguration;
			buildSettings = {
				ALWAYS_SEARCH_USER_PATHS = NO;
				CLANG_ANALYZER_NONNULL = YES;
				CLANG_ANALYZER_NUMBER_OBJECT_CONVERSION = YES_AGGRESSIVE;
				CLANG_CXX_LANGUAGE_STANDARD = "gnu++20";
				CLANG_ENABLE_MODULES = YES;
				CLANG_ENABLE_OBJC_ARC = YES;
				CLANG_ENABLE_OBJC_WEAK = YES;
				CLANG_WARN_BLOCK_CAPTURE_AUTORELEASING = YES;
				CLANG_WARN_BOOL_CONVERSION = YES;
				CLANG_WARN_COMMA = YES;
				CLANG_WARN_CONSTANT_CONVERSION = YES;
				CLANG_WARN_DEPRECATED_OBJC_IMPLEMENTATIONS = YES;
				CLANG_WARN_DIRECT_OBJC_ISA_USAGE = YES_ERROR;
				CLANG_WARN_DOCUMENTATION_COMMENTS = YES;
				CLANG_WARN_EMPTY_BODY = YES;
				CLANG_WARN_ENUM_CONVERSION = YES;
				CLANG_WARN_INFINITE_RECURSION = YES;
				CLANG_WARN_INT_CONVERSION = YES;
				CLANG_WARN_NON_LITERAL_NULL_CONVERSION = YES;
				CLANG_WARN_OBJC_IMPLICIT_RETAIN_SELF = YES;
				CLANG_WARN_OBJC_LITERAL_CONVERSION = YES;
				CLANG_WARN_OBJC_ROOT_CLASS = YES_ERROR;
				CLANG_WARN_QUOTED_INCLUDE_IN_FRAMEWORK_HEADER = YES;
				CLANG_WARN_RANGE_LOOP_ANALYSIS = YES;
				CLANG_WARN_STRICT_PROTOTYPES = YES;
				CLANG_WARN_SUSPICIOUS_MOVE = YES;
				CLANG_WARN_UNGUARDED_AVAILABILITY = YES_AGGRESSIVE;
				CLANG_WARN_UNREACHABLE_CODE = YES;
				CLANG_WARN__DUPLICATE_METHOD_MATCH = YES;
				COPY_PHASE_STRIP = NO;
				DEBUG_INFORMATION_FORMAT = "dwarf-with-dsym";
				ENABLE_NS_ASSERTIONS = NO;
				ENABLE_STRICT_OBJC_MSGSEND = YES;
				GCC_C_LANGUAGE_STANDARD = gnu11;
				GCC_NO_COMMON_BLOCKS = YES;
				GCC_WARN_64_TO_32_BIT_CONVERSION = YES;
				GCC_WARN_ABOUT_RETURN_TYPE = YES_ERROR;
				GCC_WARN_UNDECLARED_SELECTOR = YES;
				GCC_WARN_UNINITIALIZED_AUTOS = YES_AGGRESSIVE;
				GCC_WARN_UNUSED_FUNCTION = YES;
				GCC_WARN_UNUSED_VARIABLE = YES;
				IPHONEOS_DEPLOYMENT_TARGET = 16.4;
				MTL_ENABLE_DEBUG_INFO = NO;
				MTL_FAST_MATH = YES;
				SDKROOT = iphoneos;
				SWIFT_COMPILATION_MODE = wholemodule;
				SWIFT_OPTIMIZATION_LEVEL = "-O";
				VALIDATE_PRODUCT = YES;
			};
			name = Release;
		};
		91A7872D2AF0FE94009D6692 /* Debug */ = {
			isa = XCBuildConfiguration;
			buildSettings = {
				ASSETCATALOG_COMPILER_APPICON_NAME = AppIcon;
				ASSETCATALOG_COMPILER_GLOBAL_ACCENT_COLOR_NAME = AccentColor;
				CODE_SIGN_STYLE = Automatic;
				CURRENT_PROJECT_VERSION = 1;
				DEVELOPMENT_ASSET_PATHS = "\"MapApp-SwiftUI/Preview Content\"";
				DEVELOPMENT_TEAM = A83DTTZX83;
				ENABLE_PREVIEWS = YES;
				GENERATE_INFOPLIST_FILE = YES;
				INFOPLIST_KEY_UIApplicationSceneManifest_Generation = YES;
				INFOPLIST_KEY_UIApplicationSupportsIndirectInputEvents = YES;
				INFOPLIST_KEY_UILaunchScreen_Generation = YES;
				INFOPLIST_KEY_UISupportedInterfaceOrientations_iPad = "UIInterfaceOrientationPortrait UIInterfaceOrientationPortraitUpsideDown UIInterfaceOrientationLandscapeLeft UIInterfaceOrientationLandscapeRight";
				INFOPLIST_KEY_UISupportedInterfaceOrientations_iPhone = "UIInterfaceOrientationPortrait UIInterfaceOrientationLandscapeLeft UIInterfaceOrientationLandscapeRight";
				LD_RUNPATH_SEARCH_PATHS = (
					"$(inherited)",
					"@executable_path/Frameworks",
				);
				MARKETING_VERSION = 1.0;
				PRODUCT_BUNDLE_IDENTIFIER = "com.adiamoyal.MapApp-SwiftUI";
				PRODUCT_NAME = "$(TARGET_NAME)";
				SWIFT_EMIT_LOC_STRINGS = YES;
				SWIFT_VERSION = 5.0;
				TARGETED_DEVICE_FAMILY = "1,2";
			};
			name = Debug;
		};
		91A7872E2AF0FE94009D6692 /* Release */ = {
			isa = XCBuildConfiguration;
			buildSettings = {
				ASSETCATALOG_COMPILER_APPICON_NAME = AppIcon;
				ASSETCATALOG_COMPILER_GLOBAL_ACCENT_COLOR_NAME = AccentColor;
				CODE_SIGN_STYLE = Automatic;
				CURRENT_PROJECT_VERSION = 1;
				DEVELOPMENT_ASSET_PATHS = "\"MapApp-SwiftUI/Preview Content\"";
				DEVELOPMENT_TEAM = A83DTTZX83;
				ENABLE_PREVIEWS = YES;
				GENERATE_INFOPLIST_FILE = YES;
				INFOPLIST_KEY_UIApplicationSceneManifest_Generation = YES;
				INFOPLIST_KEY_UIApplicationSupportsIndirectInputEvents = YES;
				INFOPLIST_KEY_UILaunchScreen_Generation = YES;
				INFOPLIST_KEY_UISupportedInterfaceOrientations_iPad = "UIInterfaceOrientationPortrait UIInterfaceOrientationPortraitUpsideDown UIInterfaceOrientationLandscapeLeft UIInterfaceOrientationLandscapeRight";
				INFOPLIST_KEY_UISupportedInterfaceOrientations_iPhone = "UIInterfaceOrientationPortrait UIInterfaceOrientationLandscapeLeft UIInterfaceOrientationLandscapeRight";
				LD_RUNPATH_SEARCH_PATHS = (
					"$(inherited)",
					"@executable_path/Frameworks",
				);
				MARKETING_VERSION = 1.0;
				PRODUCT_BUNDLE_IDENTIFIER = "com.adiamoyal.MapApp-SwiftUI";
				PRODUCT_NAME = "$(TARGET_NAME)";
				SWIFT_EMIT_LOC_STRINGS = YES;
				SWIFT_VERSION = 5.0;
				TARGETED_DEVICE_FAMILY = "1,2";
			};
			name = Release;
		};
/* End XCBuildConfiguration section */

/* Begin XCConfigurationList section */
		91A787192AF0FE91009D6692 /* Build configuration list for PBXProject "MapApp-SwiftUI" */ = {
			isa = XCConfigurationList;
			buildConfigurations = (
				91A7872A2AF0FE94009D6692 /* Debug */,
				91A7872B2AF0FE94009D6692 /* Release */,
			);
			defaultConfigurationIsVisible = 0;
			defaultConfigurationName = Release;
		};
		91A7872C2AF0FE94009D6692 /* Build configuration list for PBXNativeTarget "MapApp-SwiftUI" */ = {
			isa = XCConfigurationList;
			buildConfigurations = (
				91A7872D2AF0FE94009D6692 /* Debug */,
				91A7872E2AF0FE94009D6692 /* Release */,
			);
			defaultConfigurationIsVisible = 0;
			defaultConfigurationName = Release;
		};
/* End XCConfigurationList section */
	};
	rootObject = 91A787162AF0FE91009D6692 /* Project object */;
}
